
Microsoft Visual Studio Solution File, Format Version 12.00
# Visual Studio 15
Project("{FAE04EC0-301F-11D3-BF4B-00C04F79EFBC}") = "Assembly-CSharp", "Assembly-CSharp.csproj", "{712ABC7C-3009-1366-86BA-9F1560318230}"
EndProject
Project("{FAE04EC0-301F-11D3-BF4B-00C04F79EFBC}") = "Assembly-CSharp-Editor", "Assembly-CSharp-Editor.csproj", "{3476EC11-545F-616B-AA1B-A7CC50762AC7}"
EndProject
Global
	GlobalSection(SolutionConfigurationPlatforms) = preSolution
		Debug|Any CPU = Debug|Any CPU
		Release|Any CPU = Release|Any CPU
	EndGlobalSection
	GlobalSection(ProjectConfigurationPlatforms) = postSolution
		{712ABC7C-3009-1366-86BA-9F1560318230}.Debug|Any CPU.ActiveCfg = Debug|Any CPU
		{712ABC7C-3009-1366-86BA-9F1560318230}.Debug|Any CPU.Build.0 = Debug|Any CPU
		{712ABC7C-3009-1366-86BA-9F1560318230}.Release|Any CPU.ActiveCfg = Release|Any CPU
		{712ABC7C-3009-1366-86BA-9F1560318230}.Release|Any CPU.Build.0 = Release|Any CPU
		{3476EC11-545F-616B-AA1B-A7CC50762AC7}.Debug|Any CPU.ActiveCfg = Debug|Any CPU
		{3476EC11-545F-616B-AA1B-A7CC50762AC7}.Debug|Any CPU.Build.0 = Debug|Any CPU
		{3476EC11-545F-616B-AA1B-A7CC50762AC7}.Release|Any CPU.ActiveCfg = Release|Any CPU
		{3476EC11-545F-616B-AA1B-A7CC50762AC7}.Release|Any CPU.Build.0 = Release|Any CPU
	EndGlobalSection
	GlobalSection(SolutionProperties) = preSolution
		HideSolutionNode = FALSE
	EndGlobalSection
EndGlobal
